
Microsoft Visual Studio Solution File, Format Version 12.00
# Visual Studio Version 17
VisualStudioVersion = 17.2.32630.192
MinimumVisualStudioVersion = 10.0.40219.1
Project("{FAE04EC0-301F-11D3-BF4B-00C04F79EFBC}") = "görselProg2", "görselProg2.csproj", "{FEC4A337-184C-42FD-A694-8E30E168DCC4}"
EndProject
Global
	GlobalSection(SolutionConfigurationPlatforms) = preSolution
		Debug|Any CPU = Debug|Any CPU
		Release|Any CPU = Release|Any CPU
	EndGlobalSection
	GlobalSection(ProjectConfigurationPlatforms) = postSolution
		{FEC4A337-184C-42FD-A694-8E30E168DCC4}.Debug|Any CPU.ActiveCfg = Debug|Any CPU
		{FEC4A337-184C-42FD-A694-8E30E168DCC4}.Debug|Any CPU.Build.0 = Debug|Any CPU
		{FEC4A337-184C-42FD-A694-8E30E168DCC4}.Release|Any CPU.ActiveCfg = Release|Any CPU
		{FEC4A337-184C-42FD-A694-8E30E168DCC4}.Release|Any CPU.Build.0 = Release|Any CPU
	EndGlobalSection
	GlobalSection(SolutionProperties) = preSolution
		HideSolutionNode = FALSE
	EndGlobalSection
	GlobalSection(ExtensibilityGlobals) = postSolution
		SolutionGuid = {EE9E64E8-8224-4E29-9B48-CFA5085456F6}
	EndGlobalSection
EndGlobal
